// !$*UTF8*$!
{
	archiveVersion = 1;
	classes = {
	};
	objectVersion = 55;
	objects = {

/* Begin PBXBuildFile section */
		1824A0752A260A6700F1EDBC /* DialPadRenderView.xib in Resources */ = {isa = PBXBuildFile; fileRef = 1824A0742A260A6700F1EDBC /* DialPadRenderView.xib */; };
		1824A0772A260D9700F1EDBC /* DialPadRenderView.swift in Sources */ = {isa = PBXBuildFile; fileRef = 1824A0762A260D9700F1EDBC /* DialPadRenderView.swift */; };
		1827309D2A1746D0007EF386 /* VideoVC.swift in Sources */ = {isa = PBXBuildFile; fileRef = 1827309C2A1746D0007EF386 /* VideoVC.swift */; };
		1827309F2A179A07007EF386 /* CoreVideo.framework in Frameworks */ = {isa = PBXBuildFile; fileRef = 1827309E2A179A07007EF386 /* CoreVideo.framework */; };
		182730A12A179A16007EF386 /* Foundation.framework in Frameworks */ = {isa = PBXBuildFile; fileRef = 182730A02A179A16007EF386 /* Foundation.framework */; };
		182730A32A179A2E007EF386 /* OpenGLES.framework in Frameworks */ = {isa = PBXBuildFile; fileRef = 182730A22A179A2D007EF386 /* OpenGLES.framework */; };
		182730A52A179A37007EF386 /* QuartzCore.framework in Frameworks */ = {isa = PBXBuildFile; fileRef = 182730A42A179A37007EF386 /* QuartzCore.framework */; };
		182730A72A179A46007EF386 /* SystemConfiguration.framework in Frameworks */ = {isa = PBXBuildFile; fileRef = 182730A62A179A46007EF386 /* SystemConfiguration.framework */; };
		182730A92A179A51007EF386 /* UIKit.framework in Frameworks */ = {isa = PBXBuildFile; fileRef = 182730A82A179A51007EF386 /* UIKit.framework */; };
		184A75B22A37213E00F1EA28 /* Model.swift in Sources */ = {isa = PBXBuildFile; fileRef = 184A75B12A37213E00F1EA28 /* Model.swift */; };
		1868BCCC2A1F5AA700F730ED /* IncomingVideoVC.swift in Sources */ = {isa = PBXBuildFile; fileRef = 1868BCCB2A1F5AA700F730ED /* IncomingVideoVC.swift */; };
		18BDCA712A14BE31005002C3 /* libz.tbd in Frameworks */ = {isa = PBXBuildFile; fileRef = 18A319A22A14BD5400D85F68 /* libz.tbd */; };
		18BDCA732A14D5A8005002C3 /* libc++.tbd in Frameworks */ = {isa = PBXBuildFile; fileRef = 18BDCA722A14BE3B005002C3 /* libc++.tbd */; };
		18BDCAA02A14EA23005002C3 /* AVFoundation.framework in Frameworks */ = {isa = PBXBuildFile; fileRef = 18BDCA9F2A14EA23005002C3 /* AVFoundation.framework */; };
		18BDCAA22A14EA29005002C3 /* AVKit.framework in Frameworks */ = {isa = PBXBuildFile; fileRef = 18BDCAA12A14EA29005002C3 /* AVKit.framework */; };
		18BDCAA42A14EA4A005002C3 /* AudioToolbox.framework in Frameworks */ = {isa = PBXBuildFile; fileRef = 18BDCAA32A14EA4A005002C3 /* AudioToolbox.framework */; };
		18BDCAA62A14EA91005002C3 /* MediaToolbox.framework in Frameworks */ = {isa = PBXBuildFile; fileRef = 18BDCAA52A14EA91005002C3 /* MediaToolbox.framework */; };
		18BDCAA82A14EAC1005002C3 /* CoreMedia.framework in Frameworks */ = {isa = PBXBuildFile; fileRef = 18BDCAA72A14EAC1005002C3 /* CoreMedia.framework */; };
		18BDCAB32A14F9AB005002C3 /* CFNetwork.framework in Frameworks */ = {isa = PBXBuildFile; fileRef = 18BDCAB22A14F9AB005002C3 /* CFNetwork.framework */; };
		18BDCAB52A14F9BB005002C3 /* CoreAudio.framework in Frameworks */ = {isa = PBXBuildFile; fileRef = 18BDCAB42A14F9BB005002C3 /* CoreAudio.framework */; };
		18BDCAB72A14F9C9005002C3 /* CoreFoundation.framework in Frameworks */ = {isa = PBXBuildFile; fileRef = 18BDCAB62A14F9C9005002C3 /* CoreFoundation.framework */; };
		18BDCAB92A14F9D5005002C3 /* CoreGraphics.framework in Frameworks */ = {isa = PBXBuildFile; fileRef = 18BDCAB82A14F9D5005002C3 /* CoreGraphics.framework */; };
		18BDCABB2A14F9F6005002C3 /* CoreImage.framework in Frameworks */ = {isa = PBXBuildFile; fileRef = 18BDCABA2A14F9F6005002C3 /* CoreImage.framework */; };
		18C0B9E02A38486000A6BFB7 /* libpj-arm64-apple-darwin_ios.a in Frameworks */ = {isa = PBXBuildFile; fileRef = 18C0B9DF2A38486000A6BFB7 /* libpj-arm64-apple-darwin_ios.a */; };
		18C0B9E22A38488000A6BFB7 /* libpjlib-util-arm64-apple-darwin_ios.a in Frameworks */ = {isa = PBXBuildFile; fileRef = 18C0B9E12A38488000A6BFB7 /* libpjlib-util-arm64-apple-darwin_ios.a */; };
		18C0B9E82A38489700A6BFB7 /* libpjmedia-codec-arm64-apple-darwin_ios.a in Frameworks */ = {isa = PBXBuildFile; fileRef = 18C0B9E32A38489600A6BFB7 /* libpjmedia-codec-arm64-apple-darwin_ios.a */; };
		18C0B9E92A38489700A6BFB7 /* libpjsdp-arm64-apple-darwin_ios.a in Frameworks */ = {isa = PBXBuildFile; fileRef = 18C0B9E42A38489700A6BFB7 /* libpjsdp-arm64-apple-darwin_ios.a */; };
		18C0B9EA2A38489700A6BFB7 /* libpjmedia-videodev-arm64-apple-darwin_ios.a in Frameworks */ = {isa = PBXBuildFile; fileRef = 18C0B9E52A38489700A6BFB7 /* libpjmedia-videodev-arm64-apple-darwin_ios.a */; };
		18C0B9EB2A38489700A6BFB7 /* libpjmedia-arm64-apple-darwin_ios.a in Frameworks */ = {isa = PBXBuildFile; fileRef = 18C0B9E62A38489700A6BFB7 /* libpjmedia-arm64-apple-darwin_ios.a */; };
		18C0B9EC2A38489700A6BFB7 /* libpjmedia-audiodev-arm64-apple-darwin_ios.a in Frameworks */ = {isa = PBXBuildFile; fileRef = 18C0B9E72A38489700A6BFB7 /* libpjmedia-audiodev-arm64-apple-darwin_ios.a */; };
		18C0B9EE2A3848A200A6BFB7 /* libpjnath-arm64-apple-darwin_ios.a in Frameworks */ = {isa = PBXBuildFile; fileRef = 18C0B9ED2A3848A200A6BFB7 /* libpjnath-arm64-apple-darwin_ios.a */; };
		18C0B9F72A3848B100A6BFB7 /* libg7221codec-arm64-apple-darwin_ios.a in Frameworks */ = {isa = PBXBuildFile; fileRef = 18C0B9EF2A3848B000A6BFB7 /* libg7221codec-arm64-apple-darwin_ios.a */; };
		18C0B9F82A3848B100A6BFB7 /* libresample-arm64-apple-darwin_ios.a in Frameworks */ = {isa = PBXBuildFile; fileRef = 18C0B9F02A3848B000A6BFB7 /* libresample-arm64-apple-darwin_ios.a */; };
		18C0B9F92A3848B100A6BFB7 /* libsrtp-arm64-apple-darwin_ios.a in Frameworks */ = {isa = PBXBuildFile; fileRef = 18C0B9F12A3848B000A6BFB7 /* libsrtp-arm64-apple-darwin_ios.a */; };
		18C0B9FA2A3848B100A6BFB7 /* libgsmcodec-arm64-apple-darwin_ios.a in Frameworks */ = {isa = PBXBuildFile; fileRef = 18C0B9F22A3848B000A6BFB7 /* libgsmcodec-arm64-apple-darwin_ios.a */; };
		18C0B9FB2A3848B100A6BFB7 /* libilbccodec-arm64-apple-darwin_ios.a in Frameworks */ = {isa = PBXBuildFile; fileRef = 18C0B9F32A3848B000A6BFB7 /* libilbccodec-arm64-apple-darwin_ios.a */; };
		18C0B9FC2A3848B100A6BFB7 /* libspeex-arm64-apple-darwin_ios.a in Frameworks */ = {isa = PBXBuildFile; fileRef = 18C0B9F42A3848B100A6BFB7 /* libspeex-arm64-apple-darwin_ios.a */; };
		18C0B9FD2A3848B100A6BFB7 /* libwebrtc-arm64-apple-darwin_ios.a in Frameworks */ = {isa = PBXBuildFile; fileRef = 18C0B9F52A3848B100A6BFB7 /* libwebrtc-arm64-apple-darwin_ios.a */; };
		18C0B9FE2A3848B100A6BFB7 /* libyuv-arm64-apple-darwin_ios.a in Frameworks */ = {isa = PBXBuildFile; fileRef = 18C0B9F62A3848B100A6BFB7 /* libyuv-arm64-apple-darwin_ios.a */; };
		18C0BA042A38490000A6BFB7 /* libpjsua-arm64-apple-darwin_ios.a in Frameworks */ = {isa = PBXBuildFile; fileRef = 18C0B9FF2A38490000A6BFB7 /* libpjsua-arm64-apple-darwin_ios.a */; };
		18C0BA052A38490000A6BFB7 /* libpjsua2-arm64-apple-darwin_ios.a in Frameworks */ = {isa = PBXBuildFile; fileRef = 18C0BA002A38490000A6BFB7 /* libpjsua2-arm64-apple-darwin_ios.a */; };
		18C0BA062A38490000A6BFB7 /* libpjsip-simple-arm64-apple-darwin_ios.a in Frameworks */ = {isa = PBXBuildFile; fileRef = 18C0BA012A38490000A6BFB7 /* libpjsip-simple-arm64-apple-darwin_ios.a */; };
		18C0BA072A38490000A6BFB7 /* libpjsip-ua-arm64-apple-darwin_ios.a in Frameworks */ = {isa = PBXBuildFile; fileRef = 18C0BA022A38490000A6BFB7 /* libpjsip-ua-arm64-apple-darwin_ios.a */; };
		18C0BA082A38490000A6BFB7 /* libpjsip-arm64-apple-darwin_ios.a in Frameworks */ = {isa = PBXBuildFile; fileRef = 18C0BA032A38490000A6BFB7 /* libpjsip-arm64-apple-darwin_ios.a */; };
		18D15CC22A14974200561064 /* AppDelegate.swift in Sources */ = {isa = PBXBuildFile; fileRef = 18D15CC12A14974200561064 /* AppDelegate.swift */; };
		18D15CC62A14974200561064 /* ViewController.swift in Sources */ = {isa = PBXBuildFile; fileRef = 18D15CC52A14974200561064 /* ViewController.swift */; };
		18D15CC92A14974200561064 /* Main.storyboard in Resources */ = {isa = PBXBuildFile; fileRef = 18D15CC72A14974200561064 /* Main.storyboard */; };
		18D15CCB2A14974300561064 /* Assets.xcassets in Resources */ = {isa = PBXBuildFile; fileRef = 18D15CCA2A14974300561064 /* Assets.xcassets */; };
		18D15CCE2A14974300561064 /* LaunchScreen.storyboard in Resources */ = {isa = PBXBuildFile; fileRef = 18D15CCC2A14974300561064 /* LaunchScreen.storyboard */; };
		18D15D242A14A31100561064 /* Network.framework in Frameworks */ = {isa = PBXBuildFile; fileRef = 18D15D232A14A31100561064 /* Network.framework */; };
		18D15D262A14A31A00561064 /* Security.framework in Frameworks */ = {isa = PBXBuildFile; fileRef = 18D15D252A14A31A00561064 /* Security.framework */; };
		18D15D282A14A32300561064 /* VideoToolbox.framework in Frameworks */ = {isa = PBXBuildFile; fileRef = 18D15D272A14A32300561064 /* VideoToolbox.framework */; };
		18DD18A52A24782F000D8AF6 /* AnimatedCallNow.gif in Resources */ = {isa = PBXBuildFile; fileRef = 18DD18A42A24782F000D8AF6 /* AnimatedCallNow.gif */; };
		18DF1CB12A1E138100A40726 /* Constant.swift in Sources */ = {isa = PBXBuildFile; fileRef = 18DF1CB02A1E138100A40726 /* Constant.swift */; };
		18DF1CB42A1E3B9C00A40726 /* WebRTCClient.swift in Sources */ = {isa = PBXBuildFile; fileRef = 18DF1CB32A1E3B9C00A40726 /* WebRTCClient.swift */; };
		18FB6E692A27187400C0F200 /* IncomingCallView.xib in Resources */ = {isa = PBXBuildFile; fileRef = 18FB6E682A27187400C0F200 /* IncomingCallView.xib */; };
		18FB6E6B2A27198200C0F200 /* incomingCallView.swift in Sources */ = {isa = PBXBuildFile; fileRef = 18FB6E6A2A27198200C0F200 /* incomingCallView.swift */; };
		18FE73F92A2075B3009A92C9 /* localVideoRenderView.xib in Resources */ = {isa = PBXBuildFile; fileRef = 18FE73F82A2075B3009A92C9 /* localVideoRenderView.xib */; };
		18FE73FB2A207757009A92C9 /* localVideoRenderView.swift in Sources */ = {isa = PBXBuildFile; fileRef = 18FE73FA2A207757009A92C9 /* localVideoRenderView.swift */; };
		77AC69325D0BFA3012D9A1D4 /* Pods_PjsipDemo.framework in Frameworks */ = {isa = PBXBuildFile; fileRef = F08ECB2666C4EA6FB4BE081A /* Pods_PjsipDemo.framework */; };
/* End PBXBuildFile section */

/* Begin PBXFileReference section */
		1824A0742A260A6700F1EDBC /* DialPadRenderView.xib */ = {isa = PBXFileReference; lastKnownFileType = file.xib; path = DialPadRenderView.xib; sourceTree = "<group>"; };
		1824A0762A260D9700F1EDBC /* DialPadRenderView.swift */ = {isa = PBXFileReference; lastKnownFileType = sourcecode.swift; path = DialPadRenderView.swift; sourceTree = "<group>"; };
		1827309C2A1746D0007EF386 /* VideoVC.swift */ = {isa = PBXFileReference; lastKnownFileType = sourcecode.swift; path = VideoVC.swift; sourceTree = "<group>"; };
		1827309E2A179A07007EF386 /* CoreVideo.framework */ = {isa = PBXFileReference; lastKnownFileType = wrapper.framework; name = CoreVideo.framework; path = System/Library/Frameworks/CoreVideo.framework; sourceTree = SDKROOT; };
		182730A02A179A16007EF386 /* Foundation.framework */ = {isa = PBXFileReference; lastKnownFileType = wrapper.framework; name = Foundation.framework; path = System/Library/Frameworks/Foundation.framework; sourceTree = SDKROOT; };
		182730A22A179A2D007EF386 /* OpenGLES.framework */ = {isa = PBXFileReference; lastKnownFileType = wrapper.framework; name = OpenGLES.framework; path = System/Library/Frameworks/OpenGLES.framework; sourceTree = SDKROOT; };
		182730A42A179A37007EF386 /* QuartzCore.framework */ = {isa = PBXFileReference; lastKnownFileType = wrapper.framework; name = QuartzCore.framework; path = System/Library/Frameworks/QuartzCore.framework; sourceTree = SDKROOT; };
		182730A62A179A46007EF386 /* SystemConfiguration.framework */ = {isa = PBXFileReference; lastKnownFileType = wrapper.framework; name = SystemConfiguration.framework; path = System/Library/Frameworks/SystemConfiguration.framework; sourceTree = SDKROOT; };
		182730A82A179A51007EF386 /* UIKit.framework */ = {isa = PBXFileReference; lastKnownFileType = wrapper.framework; name = UIKit.framework; path = System/Library/Frameworks/UIKit.framework; sourceTree = SDKROOT; };
		184A75B12A37213E00F1EA28 /* Model.swift */ = {isa = PBXFileReference; fileEncoding = 4; lastKnownFileType = sourcecode.swift; path = Model.swift; sourceTree = "<group>"; };
		1868BCCB2A1F5AA700F730ED /* IncomingVideoVC.swift */ = {isa = PBXFileReference; lastKnownFileType = sourcecode.swift; path = IncomingVideoVC.swift; sourceTree = "<group>"; };
		18A319A22A14BD5400D85F68 /* libz.tbd */ = {isa = PBXFileReference; lastKnownFileType = "sourcecode.text-based-dylib-definition"; name = libz.tbd; path = usr/lib/libz.tbd; sourceTree = SDKROOT; };
		18BDCA722A14BE3B005002C3 /* libc++.tbd */ = {isa = PBXFileReference; lastKnownFileType = "sourcecode.text-based-dylib-definition"; name = "libc++.tbd"; path = "usr/lib/libc++.tbd"; sourceTree = SDKROOT; };
		18BDCA9F2A14EA23005002C3 /* AVFoundation.framework */ = {isa = PBXFileReference; lastKnownFileType = wrapper.framework; name = AVFoundation.framework; path = System/Library/Frameworks/AVFoundation.framework; sourceTree = SDKROOT; };
		18BDCAA12A14EA29005002C3 /* AVKit.framework */ = {isa = PBXFileReference; lastKnownFileType = wrapper.framework; name = AVKit.framework; path = System/Library/Frameworks/AVKit.framework; sourceTree = SDKROOT; };
		18BDCAA32A14EA4A005002C3 /* AudioToolbox.framework */ = {isa = PBXFileReference; lastKnownFileType = wrapper.framework; name = AudioToolbox.framework; path = System/Library/Frameworks/AudioToolbox.framework; sourceTree = SDKROOT; };
		18BDCAA52A14EA91005002C3 /* MediaToolbox.framework */ = {isa = PBXFileReference; lastKnownFileType = wrapper.framework; name = MediaToolbox.framework; path = System/Library/Frameworks/MediaToolbox.framework; sourceTree = SDKROOT; };
		18BDCAA72A14EAC1005002C3 /* CoreMedia.framework */ = {isa = PBXFileReference; lastKnownFileType = wrapper.framework; name = CoreMedia.framework; path = System/Library/Frameworks/CoreMedia.framework; sourceTree = SDKROOT; };
		18BDCAB22A14F9AB005002C3 /* CFNetwork.framework */ = {isa = PBXFileReference; lastKnownFileType = wrapper.framework; name = CFNetwork.framework; path = System/Library/Frameworks/CFNetwork.framework; sourceTree = SDKROOT; };
		18BDCAB42A14F9BB005002C3 /* CoreAudio.framework */ = {isa = PBXFileReference; lastKnownFileType = wrapper.framework; name = CoreAudio.framework; path = System/Library/Frameworks/CoreAudio.framework; sourceTree = SDKROOT; };
		18BDCAB62A14F9C9005002C3 /* CoreFoundation.framework */ = {isa = PBXFileReference; lastKnownFileType = wrapper.framework; name = CoreFoundation.framework; path = System/Library/Frameworks/CoreFoundation.framework; sourceTree = SDKROOT; };
		18BDCAB82A14F9D5005002C3 /* CoreGraphics.framework */ = {isa = PBXFileReference; lastKnownFileType = wrapper.framework; name = CoreGraphics.framework; path = System/Library/Frameworks/CoreGraphics.framework; sourceTree = SDKROOT; };
		18BDCABA2A14F9F6005002C3 /* CoreImage.framework */ = {isa = PBXFileReference; lastKnownFileType = wrapper.framework; name = CoreImage.framework; path = System/Library/Frameworks/CoreImage.framework; sourceTree = SDKROOT; };
		18C0B9DF2A38486000A6BFB7 /* libpj-arm64-apple-darwin_ios.a */ = {isa = PBXFileReference; lastKnownFileType = archive.ar; name = "libpj-arm64-apple-darwin_ios.a"; path = "pjproject-master3/pjlib/lib/libpj-arm64-apple-darwin_ios.a"; sourceTree = SOURCE_ROOT; };
		18C0B9E12A38488000A6BFB7 /* libpjlib-util-arm64-apple-darwin_ios.a */ = {isa = PBXFileReference; lastKnownFileType = archive.ar; name = "libpjlib-util-arm64-apple-darwin_ios.a"; path = "pjproject-master3/pjlib-util/lib/libpjlib-util-arm64-apple-darwin_ios.a"; sourceTree = SOURCE_ROOT; };
		18C0B9E32A38489600A6BFB7 /* libpjmedia-codec-arm64-apple-darwin_ios.a */ = {isa = PBXFileReference; lastKnownFileType = archive.ar; name = "libpjmedia-codec-arm64-apple-darwin_ios.a"; path = "pjproject-master3/pjmedia/lib/libpjmedia-codec-arm64-apple-darwin_ios.a"; sourceTree = SOURCE_ROOT; };
		18C0B9E42A38489700A6BFB7 /* libpjsdp-arm64-apple-darwin_ios.a */ = {isa = PBXFileReference; lastKnownFileType = archive.ar; name = "libpjsdp-arm64-apple-darwin_ios.a"; path = "pjproject-master3/pjmedia/lib/libpjsdp-arm64-apple-darwin_ios.a"; sourceTree = SOURCE_ROOT; };
		18C0B9E52A38489700A6BFB7 /* libpjmedia-videodev-arm64-apple-darwin_ios.a */ = {isa = PBXFileReference; lastKnownFileType = archive.ar; name = "libpjmedia-videodev-arm64-apple-darwin_ios.a"; path = "pjproject-master3/pjmedia/lib/libpjmedia-videodev-arm64-apple-darwin_ios.a"; sourceTree = SOURCE_ROOT; };
		18C0B9E62A38489700A6BFB7 /* libpjmedia-arm64-apple-darwin_ios.a */ = {isa = PBXFileReference; lastKnownFileType = archive.ar; name = "libpjmedia-arm64-apple-darwin_ios.a"; path = "pjproject-master3/pjmedia/lib/libpjmedia-arm64-apple-darwin_ios.a"; sourceTree = SOURCE_ROOT; };
		18C0B9E72A38489700A6BFB7 /* libpjmedia-audiodev-arm64-apple-darwin_ios.a */ = {isa = PBXFileReference; lastKnownFileType = archive.ar; name = "libpjmedia-audiodev-arm64-apple-darwin_ios.a"; path = "pjproject-master3/pjmedia/lib/libpjmedia-audiodev-arm64-apple-darwin_ios.a"; sourceTree = SOURCE_ROOT; };
		18C0B9ED2A3848A200A6BFB7 /* libpjnath-arm64-apple-darwin_ios.a */ = {isa = PBXFileReference; lastKnownFileType = archive.ar; name = "libpjnath-arm64-apple-darwin_ios.a"; path = "pjproject-master3/pjnath/lib/libpjnath-arm64-apple-darwin_ios.a"; sourceTree = SOURCE_ROOT; };
		18C0B9EF2A3848B000A6BFB7 /* libg7221codec-arm64-apple-darwin_ios.a */ = {isa = PBXFileReference; lastKnownFileType = archive.ar; name = "libg7221codec-arm64-apple-darwin_ios.a"; path = "pjproject-master3/third_party/lib/libg7221codec-arm64-apple-darwin_ios.a"; sourceTree = SOURCE_ROOT; };
		18C0B9F02A3848B000A6BFB7 /* libresample-arm64-apple-darwin_ios.a */ = {isa = PBXFileReference; lastKnownFileType = archive.ar; name = "libresample-arm64-apple-darwin_ios.a"; path = "pjproject-master3/third_party/lib/libresample-arm64-apple-darwin_ios.a"; sourceTree = SOURCE_ROOT; };
		18C0B9F12A3848B000A6BFB7 /* libsrtp-arm64-apple-darwin_ios.a */ = {isa = PBXFileReference; lastKnownFileType = archive.ar; name = "libsrtp-arm64-apple-darwin_ios.a"; path = "pjproject-master3/third_party/lib/libsrtp-arm64-apple-darwin_ios.a"; sourceTree = SOURCE_ROOT; };
		18C0B9F22A3848B000A6BFB7 /* libgsmcodec-arm64-apple-darwin_ios.a */ = {isa = PBXFileReference; lastKnownFileType = archive.ar; name = "libgsmcodec-arm64-apple-darwin_ios.a"; path = "pjproject-master3/third_party/lib/libgsmcodec-arm64-apple-darwin_ios.a"; sourceTree = SOURCE_ROOT; };
		18C0B9F32A3848B000A6BFB7 /* libilbccodec-arm64-apple-darwin_ios.a */ = {isa = PBXFileReference; lastKnownFileType = archive.ar; name = "libilbccodec-arm64-apple-darwin_ios.a"; path = "pjproject-master3/third_party/lib/libilbccodec-arm64-apple-darwin_ios.a"; sourceTree = SOURCE_ROOT; };
		18C0B9F42A3848B100A6BFB7 /* libspeex-arm64-apple-darwin_ios.a */ = {isa = PBXFileReference; lastKnownFileType = archive.ar; name = "libspeex-arm64-apple-darwin_ios.a"; path = "pjproject-master3/third_party/lib/libspeex-arm64-apple-darwin_ios.a"; sourceTree = SOURCE_ROOT; };
		18C0B9F52A3848B100A6BFB7 /* libwebrtc-arm64-apple-darwin_ios.a */ = {isa = PBXFileReference; lastKnownFileType = archive.ar; name = "libwebrtc-arm64-apple-darwin_ios.a"; path = "pjproject-master3/third_party/lib/libwebrtc-arm64-apple-darwin_ios.a"; sourceTree = SOURCE_ROOT; };
		18C0B9F62A3848B100A6BFB7 /* libyuv-arm64-apple-darwin_ios.a */ = {isa = PBXFileReference; lastKnownFileType = archive.ar; name = "libyuv-arm64-apple-darwin_ios.a"; path = "pjproject-master3/third_party/lib/libyuv-arm64-apple-darwin_ios.a"; sourceTree = SOURCE_ROOT; };
		18C0B9FF2A38490000A6BFB7 /* libpjsua-arm64-apple-darwin_ios.a */ = {isa = PBXFileReference; lastKnownFileType = archive.ar; name = "libpjsua-arm64-apple-darwin_ios.a"; path = "pjproject-master3/pjsip/lib/libpjsua-arm64-apple-darwin_ios.a"; sourceTree = SOURCE_ROOT; };
		18C0BA002A38490000A6BFB7 /* libpjsua2-arm64-apple-darwin_ios.a */ = {isa = PBXFileReference; lastKnownFileType = archive.ar; name = "libpjsua2-arm64-apple-darwin_ios.a"; path = "pjproject-master3/pjsip/lib/libpjsua2-arm64-apple-darwin_ios.a"; sourceTree = SOURCE_ROOT; };
		18C0BA012A38490000A6BFB7 /* libpjsip-simple-arm64-apple-darwin_ios.a */ = {isa = PBXFileReference; lastKnownFileType = archive.ar; name = "libpjsip-simple-arm64-apple-darwin_ios.a"; path = "pjproject-master3/pjsip/lib/libpjsip-simple-arm64-apple-darwin_ios.a"; sourceTree = SOURCE_ROOT; };
		18C0BA022A38490000A6BFB7 /* libpjsip-ua-arm64-apple-darwin_ios.a */ = {isa = PBXFileReference; lastKnownFileType = archive.ar; name = "libpjsip-ua-arm64-apple-darwin_ios.a"; path = "pjproject-master3/pjsip/lib/libpjsip-ua-arm64-apple-darwin_ios.a"; sourceTree = SOURCE_ROOT; };
		18C0BA032A38490000A6BFB7 /* libpjsip-arm64-apple-darwin_ios.a */ = {isa = PBXFileReference; lastKnownFileType = archive.ar; name = "libpjsip-arm64-apple-darwin_ios.a"; path = "pjproject-master3/pjsip/lib/libpjsip-arm64-apple-darwin_ios.a"; sourceTree = SOURCE_ROOT; };
		18D15CBE2A14974200561064 /* PjsipDemo.app */ = {isa = PBXFileReference; explicitFileType = wrapper.application; includeInIndex = 0; path = PjsipDemo.app; sourceTree = BUILT_PRODUCTS_DIR; };
		18D15CC12A14974200561064 /* AppDelegate.swift */ = {isa = PBXFileReference; lastKnownFileType = sourcecode.swift; path = AppDelegate.swift; sourceTree = "<group>"; };
		18D15CC52A14974200561064 /* ViewController.swift */ = {isa = PBXFileReference; lastKnownFileType = sourcecode.swift; path = ViewController.swift; sourceTree = "<group>"; };
		18D15CC82A14974200561064 /* Base */ = {isa = PBXFileReference; lastKnownFileType = file.storyboard; name = Base; path = Base.lproj/Main.storyboard; sourceTree = "<group>"; };
		18D15CCA2A14974300561064 /* Assets.xcassets */ = {isa = PBXFileReference; lastKnownFileType = folder.assetcatalog; path = Assets.xcassets; sourceTree = "<group>"; };
		18D15CCD2A14974300561064 /* Base */ = {isa = PBXFileReference; lastKnownFileType = file.storyboard; name = Base; path = Base.lproj/LaunchScreen.storyboard; sourceTree = "<group>"; };
		18D15CCF2A14974300561064 /* Info.plist */ = {isa = PBXFileReference; lastKnownFileType = text.plist.xml; path = Info.plist; sourceTree = "<group>"; };
		18D15CD52A14975B00561064 /* PjsipDemo-Bridging-Header.h */ = {isa = PBXFileReference; lastKnownFileType = sourcecode.c.h; path = "PjsipDemo-Bridging-Header.h"; sourceTree = "<group>"; };
		18D15D232A14A31100561064 /* Network.framework */ = {isa = PBXFileReference; lastKnownFileType = wrapper.framework; name = Network.framework; path = System/Library/Frameworks/Network.framework; sourceTree = SDKROOT; };
		18D15D252A14A31A00561064 /* Security.framework */ = {isa = PBXFileReference; lastKnownFileType = wrapper.framework; name = Security.framework; path = System/Library/Frameworks/Security.framework; sourceTree = SDKROOT; };
		18D15D272A14A32300561064 /* VideoToolbox.framework */ = {isa = PBXFileReference; lastKnownFileType = wrapper.framework; name = VideoToolbox.framework; path = System/Library/Frameworks/VideoToolbox.framework; sourceTree = SDKROOT; };
		18DD18A42A24782F000D8AF6 /* AnimatedCallNow.gif */ = {isa = PBXFileReference; lastKnownFileType = image.gif; path = AnimatedCallNow.gif; sourceTree = "<group>"; };
		18DF1CB02A1E138100A40726 /* Constant.swift */ = {isa = PBXFileReference; lastKnownFileType = sourcecode.swift; path = Constant.swift; sourceTree = "<group>"; };
		18DF1CB32A1E3B9C00A40726 /* WebRTCClient.swift */ = {isa = PBXFileReference; lastKnownFileType = sourcecode.swift; path = WebRTCClient.swift; sourceTree = "<group>"; };
		18FB6E682A27187400C0F200 /* IncomingCallView.xib */ = {isa = PBXFileReference; lastKnownFileType = file.xib; path = IncomingCallView.xib; sourceTree = "<group>"; };
		18FB6E6A2A27198200C0F200 /* incomingCallView.swift */ = {isa = PBXFileReference; lastKnownFileType = sourcecode.swift; path = incomingCallView.swift; sourceTree = "<group>"; };
		18FE73F82A2075B3009A92C9 /* localVideoRenderView.xib */ = {isa = PBXFileReference; lastKnownFileType = file.xib; path = localVideoRenderView.xib; sourceTree = "<group>"; };
		18FE73FA2A207757009A92C9 /* localVideoRenderView.swift */ = {isa = PBXFileReference; lastKnownFileType = sourcecode.swift; path = localVideoRenderView.swift; sourceTree = "<group>"; };
		F08ECB2666C4EA6FB4BE081A /* Pods_PjsipDemo.framework */ = {isa = PBXFileReference; explicitFileType = wrapper.framework; includeInIndex = 0; path = Pods_PjsipDemo.framework; sourceTree = BUILT_PRODUCTS_DIR; };
		F18314E91C389AA872AF969B /* Pods-PjsipDemo.debug.xcconfig */ = {isa = PBXFileReference; includeInIndex = 1; lastKnownFileType = text.xcconfig; name = "Pods-PjsipDemo.debug.xcconfig"; path = "Target Support Files/Pods-PjsipDemo/Pods-PjsipDemo.debug.xcconfig"; sourceTree = "<group>"; };
		FA64F18D52FC9F5D4B47D613 /* Pods-PjsipDemo.release.xcconfig */ = {isa = PBXFileReference; includeInIndex = 1; lastKnownFileType = text.xcconfig; name = "Pods-PjsipDemo.release.xcconfig"; path = "Target Support Files/Pods-PjsipDemo/Pods-PjsipDemo.release.xcconfig"; sourceTree = "<group>"; };
/* End PBXFileReference section */

/* Begin PBXFrameworksBuildPhase section */
		18D15CBB2A14974200561064 /* Frameworks */ = {
			isa = PBXFrameworksBuildPhase;
			buildActionMask = 2147483647;
			files = (
				182730A52A179A37007EF386 /* QuartzCore.framework in Frameworks */,
				18C0BA082A38490000A6BFB7 /* libpjsip-arm64-apple-darwin_ios.a in Frameworks */,
				18BDCAB32A14F9AB005002C3 /* CFNetwork.framework in Frameworks */,
				18BDCAB92A14F9D5005002C3 /* CoreGraphics.framework in Frameworks */,
				18C0BA062A38490000A6BFB7 /* libpjsip-simple-arm64-apple-darwin_ios.a in Frameworks */,
				18C0BA052A38490000A6BFB7 /* libpjsua2-arm64-apple-darwin_ios.a in Frameworks */,
				182730A12A179A16007EF386 /* Foundation.framework in Frameworks */,
				18C0B9EA2A38489700A6BFB7 /* libpjmedia-videodev-arm64-apple-darwin_ios.a in Frameworks */,
				18C0B9F82A3848B100A6BFB7 /* libresample-arm64-apple-darwin_ios.a in Frameworks */,
				18C0B9F92A3848B100A6BFB7 /* libsrtp-arm64-apple-darwin_ios.a in Frameworks */,
				18C0B9FA2A3848B100A6BFB7 /* libgsmcodec-arm64-apple-darwin_ios.a in Frameworks */,
				18BDCAB52A14F9BB005002C3 /* CoreAudio.framework in Frameworks */,
				182730A72A179A46007EF386 /* SystemConfiguration.framework in Frameworks */,
				18BDCABB2A14F9F6005002C3 /* CoreImage.framework in Frameworks */,
				18C0B9FE2A3848B100A6BFB7 /* libyuv-arm64-apple-darwin_ios.a in Frameworks */,
				18BDCAB72A14F9C9005002C3 /* CoreFoundation.framework in Frameworks */,
				18BDCAA82A14EAC1005002C3 /* CoreMedia.framework in Frameworks */,
				182730A92A179A51007EF386 /* UIKit.framework in Frameworks */,
				18C0B9FB2A3848B100A6BFB7 /* libilbccodec-arm64-apple-darwin_ios.a in Frameworks */,
				18C0BA042A38490000A6BFB7 /* libpjsua-arm64-apple-darwin_ios.a in Frameworks */,
				18C0B9EE2A3848A200A6BFB7 /* libpjnath-arm64-apple-darwin_ios.a in Frameworks */,
				18C0B9E92A38489700A6BFB7 /* libpjsdp-arm64-apple-darwin_ios.a in Frameworks */,
				18C0B9E22A38488000A6BFB7 /* libpjlib-util-arm64-apple-darwin_ios.a in Frameworks */,
				18BDCAA02A14EA23005002C3 /* AVFoundation.framework in Frameworks */,
				1827309F2A179A07007EF386 /* CoreVideo.framework in Frameworks */,
				18BDCA732A14D5A8005002C3 /* libc++.tbd in Frameworks */,
				18D15D262A14A31A00561064 /* Security.framework in Frameworks */,
				18C0B9FC2A3848B100A6BFB7 /* libspeex-arm64-apple-darwin_ios.a in Frameworks */,
				18C0B9EB2A38489700A6BFB7 /* libpjmedia-arm64-apple-darwin_ios.a in Frameworks */,
				18C0B9E82A38489700A6BFB7 /* libpjmedia-codec-arm64-apple-darwin_ios.a in Frameworks */,
				18C0BA072A38490000A6BFB7 /* libpjsip-ua-arm64-apple-darwin_ios.a in Frameworks */,
				18BDCA712A14BE31005002C3 /* libz.tbd in Frameworks */,
				18D15D242A14A31100561064 /* Network.framework in Frameworks */,
				18BDCAA22A14EA29005002C3 /* AVKit.framework in Frameworks */,
				182730A32A179A2E007EF386 /* OpenGLES.framework in Frameworks */,
				18BDCAA42A14EA4A005002C3 /* AudioToolbox.framework in Frameworks */,
				18C0B9FD2A3848B100A6BFB7 /* libwebrtc-arm64-apple-darwin_ios.a in Frameworks */,
				18C0B9EC2A38489700A6BFB7 /* libpjmedia-audiodev-arm64-apple-darwin_ios.a in Frameworks */,
				18C0B9F72A3848B100A6BFB7 /* libg7221codec-arm64-apple-darwin_ios.a in Frameworks */,
				18D15D282A14A32300561064 /* VideoToolbox.framework in Frameworks */,
				18C0B9E02A38486000A6BFB7 /* libpj-arm64-apple-darwin_ios.a in Frameworks */,
				18BDCAA62A14EA91005002C3 /* MediaToolbox.framework in Frameworks */,
				77AC69325D0BFA3012D9A1D4 /* Pods_PjsipDemo.framework in Frameworks */,
			);
			runOnlyForDeploymentPostprocessing = 0;
		};
/* End PBXFrameworksBuildPhase section */

/* Begin PBXGroup section */
		1868BCC82A1F59D900F730ED /* Controller */ = {
			isa = PBXGroup;
			children = (
				1827309C2A1746D0007EF386 /* VideoVC.swift */,
				18D15CC52A14974200561064 /* ViewController.swift */,
				1868BCCB2A1F5AA700F730ED /* IncomingVideoVC.swift */,
			);
			path = Controller;
			sourceTree = "<group>";
		};
		18C0B9DE2A38483B00A6BFB7 /* lib */ = {
			isa = PBXGroup;
			children = (
				18C0B9DF2A38486000A6BFB7 /* libpj-arm64-apple-darwin_ios.a */,
				18C0B9E12A38488000A6BFB7 /* libpjlib-util-arm64-apple-darwin_ios.a */,
				18C0B9E62A38489700A6BFB7 /* libpjmedia-arm64-apple-darwin_ios.a */,
				18C0B9E72A38489700A6BFB7 /* libpjmedia-audiodev-arm64-apple-darwin_ios.a */,
				18C0B9E32A38489600A6BFB7 /* libpjmedia-codec-arm64-apple-darwin_ios.a */,
				18C0B9E52A38489700A6BFB7 /* libpjmedia-videodev-arm64-apple-darwin_ios.a */,
				18C0B9E42A38489700A6BFB7 /* libpjsdp-arm64-apple-darwin_ios.a */,
				18C0B9ED2A3848A200A6BFB7 /* libpjnath-arm64-apple-darwin_ios.a */,
				18C0B9EF2A3848B000A6BFB7 /* libg7221codec-arm64-apple-darwin_ios.a */,
				18C0B9F22A3848B000A6BFB7 /* libgsmcodec-arm64-apple-darwin_ios.a */,
				18C0B9F32A3848B000A6BFB7 /* libilbccodec-arm64-apple-darwin_ios.a */,
				18C0B9F02A3848B000A6BFB7 /* libresample-arm64-apple-darwin_ios.a */,
				18C0B9F42A3848B100A6BFB7 /* libspeex-arm64-apple-darwin_ios.a */,
				18C0B9F12A3848B000A6BFB7 /* libsrtp-arm64-apple-darwin_ios.a */,
				18C0B9F52A3848B100A6BFB7 /* libwebrtc-arm64-apple-darwin_ios.a */,
				18C0B9F62A3848B100A6BFB7 /* libyuv-arm64-apple-darwin_ios.a */,
				18C0BA032A38490000A6BFB7 /* libpjsip-arm64-apple-darwin_ios.a */,
				18C0BA012A38490000A6BFB7 /* libpjsip-simple-arm64-apple-darwin_ios.a */,
				18C0BA022A38490000A6BFB7 /* libpjsip-ua-arm64-apple-darwin_ios.a */,
				18C0B9FF2A38490000A6BFB7 /* libpjsua-arm64-apple-darwin_ios.a */,
				18C0BA002A38490000A6BFB7 /* libpjsua2-arm64-apple-darwin_ios.a */,
			);
			path = lib;
			sourceTree = "<group>";
		};
		18D15CB52A14974100561064 = {
			isa = PBXGroup;
			children = (
				18D15CC02A14974200561064 /* PjsipDemo */,
				18D15CBF2A14974200561064 /* Products */,
				18D15D082A1499C900561064 /* Frameworks */,
				92E56DA6F9F0646EE6DEAF4D /* Pods */,
			);
			sourceTree = "<group>";
		};
		18D15CBF2A14974200561064 /* Products */ = {
			isa = PBXGroup;
			children = (
				18D15CBE2A14974200561064 /* PjsipDemo.app */,
			);
			name = Products;
			sourceTree = "<group>";
		};
		18D15CC02A14974200561064 /* PjsipDemo */ = {
			isa = PBXGroup;
			children = (
				18E8C6302A4ABAAD00F5C780 /* Model */,
				18C0B9DE2A38483B00A6BFB7 /* lib */,
				18FE73F72A20758C009A92C9 /* view */,
				1868BCC82A1F59D900F730ED /* Controller */,
				18DF1CB22A1E3B5200A40726 /* Services */,
				18DF1CAF2A1E135E00A40726 /* Constant */,
				18D15CC12A14974200561064 /* AppDelegate.swift */,
				18D15CC72A14974200561064 /* Main.storyboard */,
				184A75B12A37213E00F1EA28 /* Model.swift */,
				18D15CCA2A14974300561064 /* Assets.xcassets */,
				18D15CCC2A14974300561064 /* LaunchScreen.storyboard */,
				18DD18A42A24782F000D8AF6 /* AnimatedCallNow.gif */,
				18D15CCF2A14974300561064 /* Info.plist */,
				18D15CD52A14975B00561064 /* PjsipDemo-Bridging-Header.h */,
			);
			path = PjsipDemo;
			sourceTree = "<group>";
		};
		18D15D082A1499C900561064 /* Frameworks */ = {
			isa = PBXGroup;
			children = (
				182730A82A179A51007EF386 /* UIKit.framework */,
				182730A62A179A46007EF386 /* SystemConfiguration.framework */,
				182730A42A179A37007EF386 /* QuartzCore.framework */,
				182730A22A179A2D007EF386 /* OpenGLES.framework */,
				182730A02A179A16007EF386 /* Foundation.framework */,
				1827309E2A179A07007EF386 /* CoreVideo.framework */,
				18BDCABA2A14F9F6005002C3 /* CoreImage.framework */,
				18BDCAB82A14F9D5005002C3 /* CoreGraphics.framework */,
				18BDCAB62A14F9C9005002C3 /* CoreFoundation.framework */,
				18BDCAB42A14F9BB005002C3 /* CoreAudio.framework */,
				18BDCAB22A14F9AB005002C3 /* CFNetwork.framework */,
				18BDCAA72A14EAC1005002C3 /* CoreMedia.framework */,
				18BDCAA52A14EA91005002C3 /* MediaToolbox.framework */,
				18BDCAA32A14EA4A005002C3 /* AudioToolbox.framework */,
				18BDCAA12A14EA29005002C3 /* AVKit.framework */,
				18BDCA9F2A14EA23005002C3 /* AVFoundation.framework */,
				18BDCA722A14BE3B005002C3 /* libc++.tbd */,
				18A319A22A14BD5400D85F68 /* libz.tbd */,
				18D15D272A14A32300561064 /* VideoToolbox.framework */,
				18D15D252A14A31A00561064 /* Security.framework */,
				18D15D232A14A31100561064 /* Network.framework */,
				F08ECB2666C4EA6FB4BE081A /* Pods_PjsipDemo.framework */,
			);
			name = Frameworks;
			sourceTree = "<group>";
		};
		18DF1CAF2A1E135E00A40726 /* Constant */ = {
			isa = PBXGroup;
			children = (
				18DF1CB02A1E138100A40726 /* Constant.swift */,
			);
			path = Constant;
			sourceTree = "<group>";
		};
		18DF1CB22A1E3B5200A40726 /* Services */ = {
			isa = PBXGroup;
			children = (
				18DF1CB32A1E3B9C00A40726 /* WebRTCClient.swift */,
			);
			path = Services;
			sourceTree = "<group>";
		};
		18E8C6302A4ABAAD00F5C780 /* Model */ = {
			isa = PBXGroup;
			children = (
			);
			path = Model;
			sourceTree = "<group>";
		};
		18FE73F72A20758C009A92C9 /* view */ = {
			isa = PBXGroup;
			children = (
				18FE73F82A2075B3009A92C9 /* localVideoRenderView.xib */,
				18FE73FA2A207757009A92C9 /* localVideoRenderView.swift */,
				1824A0742A260A6700F1EDBC /* DialPadRenderView.xib */,
				1824A0762A260D9700F1EDBC /* DialPadRenderView.swift */,
				18FB6E682A27187400C0F200 /* IncomingCallView.xib */,
				18FB6E6A2A27198200C0F200 /* incomingCallView.swift */,
			);
			path = view;
			sourceTree = "<group>";
		};
		92E56DA6F9F0646EE6DEAF4D /* Pods */ = {
			isa = PBXGroup;
			children = (
				F18314E91C389AA872AF969B /* Pods-PjsipDemo.debug.xcconfig */,
				FA64F18D52FC9F5D4B47D613 /* Pods-PjsipDemo.release.xcconfig */,
			);
			path = Pods;
			sourceTree = "<group>";
		};
/* End PBXGroup section */

/* Begin PBXNativeTarget section */
		18D15CBD2A14974200561064 /* PjsipDemo */ = {
			isa = PBXNativeTarget;
			buildConfigurationList = 18D15CD22A14974300561064 /* Build configuration list for PBXNativeTarget "PjsipDemo" */;
			buildPhases = (
				81FCC59F84BEAF1AA059C729 /* [CP] Check Pods Manifest.lock */,
				18D15CBA2A14974200561064 /* Sources */,
				18D15CBB2A14974200561064 /* Frameworks */,
				18D15CBC2A14974200561064 /* Resources */,
				3644D5DD71898AC97E919616 /* [CP] Embed Pods Frameworks */,
			);
			buildRules = (
			);
			dependencies = (
			);
			name = PjsipDemo;
			productName = PjsipDemo;
			productReference = 18D15CBE2A14974200561064 /* PjsipDemo.app */;
			productType = "com.apple.product-type.application";
		};
/* End PBXNativeTarget section */

/* Begin PBXProject section */
		18D15CB62A14974100561064 /* Project object */ = {
			isa = PBXProject;
			attributes = {
				BuildIndependentTargetsInParallel = 1;
				LastSwiftUpdateCheck = 1320;
				LastUpgradeCheck = 1320;
				TargetAttributes = {
					18D15CBD2A14974200561064 = {
						CreatedOnToolsVersion = 13.2.1;
						LastSwiftMigration = 1320;
					};
				};
			};
			buildConfigurationList = 18D15CB92A14974100561064 /* Build configuration list for PBXProject "PjsipDemo" */;
			compatibilityVersion = "Xcode 13.0";
			developmentRegion = en;
			hasScannedForEncodings = 0;
			knownRegions = (
				en,
				Base,
			);
			mainGroup = 18D15CB52A14974100561064;
			productRefGroup = 18D15CBF2A14974200561064 /* Products */;
			projectDirPath = "";
			projectRoot = "";
			targets = (
				18D15CBD2A14974200561064 /* PjsipDemo */,
			);
		};
/* End PBXProject section */

/* Begin PBXResourcesBuildPhase section */
		18D15CBC2A14974200561064 /* Resources */ = {
			isa = PBXResourcesBuildPhase;
			buildActionMask = 2147483647;
			files = (
				18D15CCE2A14974300561064 /* LaunchScreen.storyboard in Resources */,
				18FB6E692A27187400C0F200 /* IncomingCallView.xib in Resources */,
				18D15CCB2A14974300561064 /* Assets.xcassets in Resources */,
				1824A0752A260A6700F1EDBC /* DialPadRenderView.xib in Resources */,
				18DD18A52A24782F000D8AF6 /* AnimatedCallNow.gif in Resources */,
				18FE73F92A2075B3009A92C9 /* localVideoRenderView.xib in Resources */,
				18D15CC92A14974200561064 /* Main.storyboard in Resources */,
			);
			runOnlyForDeploymentPostprocessing = 0;
		};
/* End PBXResourcesBuildPhase section */

/* Begin PBXShellScriptBuildPhase section */
		3644D5DD71898AC97E919616 /* [CP] Embed Pods Frameworks */ = {
			isa = PBXShellScriptBuildPhase;
			buildActionMask = 2147483647;
			files = (
			);
			inputFileListPaths = (
				"${PODS_ROOT}/Target Support Files/Pods-PjsipDemo/Pods-PjsipDemo-frameworks-${CONFIGURATION}-input-files.xcfilelist",
			);
			name = "[CP] Embed Pods Frameworks";
			outputFileListPaths = (
				"${PODS_ROOT}/Target Support Files/Pods-PjsipDemo/Pods-PjsipDemo-frameworks-${CONFIGURATION}-output-files.xcfilelist",
			);
			runOnlyForDeploymentPostprocessing = 0;
			shellPath = /bin/sh;
			shellScript = "\"${PODS_ROOT}/Target Support Files/Pods-PjsipDemo/Pods-PjsipDemo-frameworks.sh\"\n";
			showEnvVarsInLog = 0;
		};
		81FCC59F84BEAF1AA059C729 /* [CP] Check Pods Manifest.lock */ = {
			isa = PBXShellScriptBuildPhase;
			buildActionMask = 2147483647;
			files = (
			);
			inputFileListPaths = (
			);
			inputPaths = (
				"${PODS_PODFILE_DIR_PATH}/Podfile.lock",
				"${PODS_ROOT}/Manifest.lock",
			);
			name = "[CP] Check Pods Manifest.lock";
			outputFileListPaths = (
			);
			outputPaths = (
				"$(DERIVED_FILE_DIR)/Pods-PjsipDemo-checkManifestLockResult.txt",
			);
			runOnlyForDeploymentPostprocessing = 0;
			shellPath = /bin/sh;
			shellScript = "diff \"${PODS_PODFILE_DIR_PATH}/Podfile.lock\" \"${PODS_ROOT}/Manifest.lock\" > /dev/null\nif [ $? != 0 ] ; then\n    # print error to STDERR\n    echo \"error: The sandbox is not in sync with the Podfile.lock. Run 'pod install' or update your CocoaPods installation.\" >&2\n    exit 1\nfi\n# This output is used by Xcode 'outputs' to avoid re-running this script phase.\necho \"SUCCESS\" > \"${SCRIPT_OUTPUT_FILE_0}\"\n";
			showEnvVarsInLog = 0;
		};
/* End PBXShellScriptBuildPhase section */

/* Begin PBXSourcesBuildPhase section */
		18D15CBA2A14974200561064 /* Sources */ = {
			isa = PBXSourcesBuildPhase;
			buildActionMask = 2147483647;
			files = (
				1827309D2A1746D0007EF386 /* VideoVC.swift in Sources */,
				18D15CC62A14974200561064 /* ViewController.swift in Sources */,
				18D15CC22A14974200561064 /* AppDelegate.swift in Sources */,
				1824A0772A260D9700F1EDBC /* DialPadRenderView.swift in Sources */,
				1868BCCC2A1F5AA700F730ED /* IncomingVideoVC.swift in Sources */,
				184A75B22A37213E00F1EA28 /* Model.swift in Sources */,
				18FE73FB2A207757009A92C9 /* localVideoRenderView.swift in Sources */,
				18FB6E6B2A27198200C0F200 /* incomingCallView.swift in Sources */,
				18DF1CB12A1E138100A40726 /* Constant.swift in Sources */,
				18DF1CB42A1E3B9C00A40726 /* WebRTCClient.swift in Sources */,
			);
			runOnlyForDeploymentPostprocessing = 0;
		};
/* End PBXSourcesBuildPhase section */

/* Begin PBXVariantGroup section */
		18D15CC72A14974200561064 /* Main.storyboard */ = {
			isa = PBXVariantGroup;
			children = (
				18D15CC82A14974200561064 /* Base */,
			);
			name = Main.storyboard;
			sourceTree = "<group>";
		};
		18D15CCC2A14974300561064 /* LaunchScreen.storyboard */ = {
			isa = PBXVariantGroup;
			children = (
				18D15CCD2A14974300561064 /* Base */,
			);
			name = LaunchScreen.storyboard;
			sourceTree = "<group>";
		};
/* End PBXVariantGroup section */

/* Begin XCBuildConfiguration section */
		18D15CD02A14974300561064 /* Debug */ = {
			isa = XCBuildConfiguration;
			buildSettings = {
				ALWAYS_SEARCH_USER_PATHS = NO;
				CLANG_ANALYZER_NONNULL = YES;
				CLANG_ANALYZER_NUMBER_OBJECT_CONVERSION = YES_AGGRESSIVE;
				CLANG_CXX_LANGUAGE_STANDARD = "gnu++17";
				CLANG_CXX_LIBRARY = "libc++";
				CLANG_ENABLE_MODULES = YES;
				CLANG_ENABLE_OBJC_ARC = YES;
				CLANG_ENABLE_OBJC_WEAK = YES;
				CLANG_WARN_BLOCK_CAPTURE_AUTORELEASING = YES;
				CLANG_WARN_BOOL_CONVERSION = YES;
				CLANG_WARN_COMMA = YES;
				CLANG_WARN_CONSTANT_CONVERSION = YES;
				CLANG_WARN_DEPRECATED_OBJC_IMPLEMENTATIONS = YES;
				CLANG_WARN_DIRECT_OBJC_ISA_USAGE = YES_ERROR;
				CLANG_WARN_DOCUMENTATION_COMMENTS = YES;
				CLANG_WARN_EMPTY_BODY = YES;
				CLANG_WARN_ENUM_CONVERSION = YES;
				CLANG_WARN_INFINITE_RECURSION = YES;
				CLANG_WARN_INT_CONVERSION = YES;
				CLANG_WARN_NON_LITERAL_NULL_CONVERSION = YES;
				CLANG_WARN_OBJC_IMPLICIT_RETAIN_SELF = YES;
				CLANG_WARN_OBJC_LITERAL_CONVERSION = YES;
				CLANG_WARN_OBJC_ROOT_CLASS = YES_ERROR;
				CLANG_WARN_QUOTED_INCLUDE_IN_FRAMEWORK_HEADER = YES;
				CLANG_WARN_RANGE_LOOP_ANALYSIS = YES;
				CLANG_WARN_STRICT_PROTOTYPES = YES;
				CLANG_WARN_SUSPICIOUS_MOVE = YES;
				CLANG_WARN_UNGUARDED_AVAILABILITY = YES_AGGRESSIVE;
				CLANG_WARN_UNREACHABLE_CODE = YES;
				CLANG_WARN__DUPLICATE_METHOD_MATCH = YES;
				COPY_PHASE_STRIP = NO;
				DEBUG_INFORMATION_FORMAT = dwarf;
				ENABLE_STRICT_OBJC_MSGSEND = YES;
				ENABLE_TESTABILITY = YES;
				GCC_C_LANGUAGE_STANDARD = gnu11;
				GCC_DYNAMIC_NO_PIC = NO;
				GCC_NO_COMMON_BLOCKS = YES;
				GCC_OPTIMIZATION_LEVEL = 0;
				GCC_PREPROCESSOR_DEFINITIONS = (
					"DEBUG=1",
					"$(inherited)",
				);
				GCC_WARN_64_TO_32_BIT_CONVERSION = YES;
				GCC_WARN_ABOUT_RETURN_TYPE = YES_ERROR;
				GCC_WARN_UNDECLARED_SELECTOR = YES;
				GCC_WARN_UNINITIALIZED_AUTOS = YES_AGGRESSIVE;
				GCC_WARN_UNUSED_FUNCTION = YES;
				GCC_WARN_UNUSED_VARIABLE = YES;
				IPHONEOS_DEPLOYMENT_TARGET = 15.2;
				MTL_ENABLE_DEBUG_INFO = INCLUDE_SOURCE;
				MTL_FAST_MATH = YES;
				ONLY_ACTIVE_ARCH = YES;
				SDKROOT = iphoneos;
				SWIFT_ACTIVE_COMPILATION_CONDITIONS = DEBUG;
				SWIFT_OPTIMIZATION_LEVEL = "-Onone";
			};
			name = Debug;
		};
		18D15CD12A14974300561064 /* Release */ = {
			isa = XCBuildConfiguration;
			buildSettings = {
				ALWAYS_SEARCH_USER_PATHS = NO;
				CLANG_ANALYZER_NONNULL = YES;
				CLANG_ANALYZER_NUMBER_OBJECT_CONVERSION = YES_AGGRESSIVE;
				CLANG_CXX_LANGUAGE_STANDARD = "gnu++17";
				CLANG_CXX_LIBRARY = "libc++";
				CLANG_ENABLE_MODULES = YES;
				CLANG_ENABLE_OBJC_ARC = YES;
				CLANG_ENABLE_OBJC_WEAK = YES;
				CLANG_WARN_BLOCK_CAPTURE_AUTORELEASING = YES;
				CLANG_WARN_BOOL_CONVERSION = YES;
				CLANG_WARN_COMMA = YES;
				CLANG_WARN_CONSTANT_CONVERSION = YES;
				CLANG_WARN_DEPRECATED_OBJC_IMPLEMENTATIONS = YES;
				CLANG_WARN_DIRECT_OBJC_ISA_USAGE = YES_ERROR;
				CLANG_WARN_DOCUMENTATION_COMMENTS = YES;
				CLANG_WARN_EMPTY_BODY = YES;
				CLANG_WARN_ENUM_CONVERSION = YES;
				CLANG_WARN_INFINITE_RECURSION = YES;
				CLANG_WARN_INT_CONVERSION = YES;
				CLANG_WARN_NON_LITERAL_NULL_CONVERSION = YES;
				CLANG_WARN_OBJC_IMPLICIT_RETAIN_SELF = YES;
				CLANG_WARN_OBJC_LITERAL_CONVERSION = YES;
				CLANG_WARN_OBJC_ROOT_CLASS = YES_ERROR;
				CLANG_WARN_QUOTED_INCLUDE_IN_FRAMEWORK_HEADER = YES;
				CLANG_WARN_RANGE_LOOP_ANALYSIS = YES;
				CLANG_WARN_STRICT_PROTOTYPES = YES;
				CLANG_WARN_SUSPICIOUS_MOVE = YES;
				CLANG_WARN_UNGUARDED_AVAILABILITY = YES_AGGRESSIVE;
				CLANG_WARN_UNREACHABLE_CODE = YES;
				CLANG_WARN__DUPLICATE_METHOD_MATCH = YES;
				COPY_PHASE_STRIP = NO;
				DEBUG_INFORMATION_FORMAT = "dwarf-with-dsym";
				ENABLE_NS_ASSERTIONS = NO;
				ENABLE_STRICT_OBJC_MSGSEND = YES;
				GCC_C_LANGUAGE_STANDARD = gnu11;
				GCC_NO_COMMON_BLOCKS = YES;
				GCC_WARN_64_TO_32_BIT_CONVERSION = YES;
				GCC_WARN_ABOUT_RETURN_TYPE = YES_ERROR;
				GCC_WARN_UNDECLARED_SELECTOR = YES;
				GCC_WARN_UNINITIALIZED_AUTOS = YES_AGGRESSIVE;
				GCC_WARN_UNUSED_FUNCTION = YES;
				GCC_WARN_UNUSED_VARIABLE = YES;
				IPHONEOS_DEPLOYMENT_TARGET = 15.2;
				MTL_ENABLE_DEBUG_INFO = NO;
				MTL_FAST_MATH = YES;
				SDKROOT = iphoneos;
				SWIFT_COMPILATION_MODE = wholemodule;
				SWIFT_OPTIMIZATION_LEVEL = "-O";
				VALIDATE_PRODUCT = YES;
			};
			name = Release;
		};
		18D15CD32A14974300561064 /* Debug */ = {
			isa = XCBuildConfiguration;
			baseConfigurationReference = F18314E91C389AA872AF969B /* Pods-PjsipDemo.debug.xcconfig */;
			buildSettings = {
				ARCHS = "$(ARCHS_STANDARD)";
				ASSETCATALOG_COMPILER_APPICON_NAME = AppIcon;
				ASSETCATALOG_COMPILER_GLOBAL_ACCENT_COLOR_NAME = AccentColor;
				CLANG_CXX_LIBRARY = "libc++";
				CLANG_ENABLE_MODULES = YES;
				CODE_SIGN_IDENTITY = "iPhone Developer";
				CODE_SIGN_STYLE = Manual;
				CURRENT_PROJECT_VERSION = 1;
				DEVELOPMENT_TEAM = H4G2PA6K4T;
				ENABLE_BITCODE = NO;
				ENABLE_TESTING_SEARCH_PATHS = YES;
				GCC_PREPROCESSOR_DEFINITIONS = (
					"DEBUG=1",
					"PJ_AUTOCONF=1",
					USE_GUI,
				);
				GENERATE_INFOPLIST_FILE = YES;
				HEADER_SEARCH_PATHS = (
					"\"$(SRCROOT)/pjproject-master3/pjlib/include\"",
					"\"$(SRCROOT)/pjproject-master3/pjmedia/include\"",
					"\"$(SRCROOT)/pjproject-master3/pjlib-util/include\"",
					"\"$(SRCROOT)/pjproject-master3/pjnath/include\"",
					"\"$(SRCROOT)/pjproject-master3/pjsip/include\"",
					"$(SRCROOT)",
					"$(inherited)",
					"$(PROJECT_DIR)",
				);
				INFOPLIST_FILE = PjsipDemo/Info.plist;
				INFOPLIST_KEY_CFBundleDisplayName = DCS;
				INFOPLIST_KEY_NSCameraUsageDescription = "We are use camera permission for video call.";
				INFOPLIST_KEY_NSMicrophoneUsageDescription = "We are use microphone permission for video call";
				INFOPLIST_KEY_UIApplicationSupportsIndirectInputEvents = YES;
				INFOPLIST_KEY_UILaunchStoryboardName = LaunchScreen;
				INFOPLIST_KEY_UIMainStoryboardFile = Main;
				INFOPLIST_KEY_UIRequiredDeviceCapabilities = "video-camera wifi microphone armv7";
				INFOPLIST_KEY_UIRequiresFullScreen = YES;
				INFOPLIST_KEY_UISupportedInterfaceOrientations = "UIInterfaceOrientationPortrait UIInterfaceOrientationLandscapeLeft UIInterfaceOrientationLandscapeRight";
				INFOPLIST_KEY_UISupportedInterfaceOrientations_iPad = "UIInterfaceOrientationPortrait UIInterfaceOrientationLandscapeLeft UIInterfaceOrientationLandscapeRight UIInterfaceOrientationPortraitUpsideDown";
				INFOPLIST_KEY_UISupportedInterfaceOrientations_iPhone = "UIInterfaceOrientationPortrait UIInterfaceOrientationLandscapeLeft UIInterfaceOrientationLandscapeRight";
				LD_RUNPATH_SEARCH_PATHS = (
					"$(inherited)",
					"@executable_path/Frameworks",
				);
				LIBRARY_SEARCH_PATHS = (
					"$(inherited)",
					"$(SRCROOT)",
					"$(PROJECT_DIR)",
					"$(PROJECT_DIR)/pjproject-master3/pjlib/lib",
					"$(PROJECT_DIR)/pjproject-master3/pjlib-util/lib",
					"$(PROJECT_DIR)/pjproject-master3/pjmedia/lib",
					"$(PROJECT_DIR)/pjproject-master3/pjnath/lib",
					"$(PROJECT_DIR)/pjproject-master3/third_party/lib",
					"$(PROJECT_DIR)/pjproject-master3/pjsip/lib",
				);
				MARKETING_VERSION = 1.0;
				ONLY_ACTIVE_ARCH = YES;
				OTHER_LDFLAGS = (
					"-Objc",
					"-lstdc++",
					"$(inherited)",
					"-lc++",
				);
				PRODUCT_BUNDLE_IDENTIFIER = com.cme.webrtc.PjsipDemo;
				PRODUCT_NAME = "$(TARGET_NAME)";
				PROVISIONING_PROFILE_SPECIFIER = "CME WildCard";
				SWIFT_EMIT_LOC_STRINGS = YES;
				SWIFT_OBJC_BRIDGING_HEADER = "PjsipDemo/PjsipDemo-Bridging-Header.h";
				SWIFT_OPTIMIZATION_LEVEL = "-Onone";
				SWIFT_VERSION = 5.0;
				TARGETED_DEVICE_FAMILY = "1,2";
				VALID_ARCHS = "arm64 arm7 arm7s";
			};
			name = Debug;
		};
		18D15CD42A14974300561064 /* Release */ = {
			isa = XCBuildConfiguration;
			baseConfigurationReference = FA64F18D52FC9F5D4B47D613 /* Pods-PjsipDemo.release.xcconfig */;
			buildSettings = {
				ARCHS = "$(ARCHS_STANDARD)";
				ASSETCATALOG_COMPILER_APPICON_NAME = AppIcon;
				ASSETCATALOG_COMPILER_GLOBAL_ACCENT_COLOR_NAME = AccentColor;
				CLANG_CXX_LIBRARY = "libc++";
				CLANG_ENABLE_MODULES = YES;
				CODE_SIGN_IDENTITY = "iPhone Developer";
				CODE_SIGN_STYLE = Manual;
				CURRENT_PROJECT_VERSION = 1;
				DEVELOPMENT_TEAM = H4G2PA6K4T;
				ENABLE_BITCODE = NO;
				ENABLE_TESTING_SEARCH_PATHS = YES;
				GCC_PREPROCESSOR_DEFINITIONS = (
					"DEBUG=1",
					"PJ_AUTOCONF=1",
					USE_GUI,
				);
				GENERATE_INFOPLIST_FILE = YES;
				HEADER_SEARCH_PATHS = (
					"\"$(SRCROOT)/pjproject-master3/pjlib/include\"",
					"\"$(SRCROOT)/pjproject-master3/pjmedia/include\"",
					"\"$(SRCROOT)/pjproject-master3/pjlib-util/include\"",
					"\"$(SRCROOT)/pjproject-master3/pjnath/include\"",
					"\"$(SRCROOT)/pjproject-master3/pjsip/include\"",
					"$(SRCROOT)",
					"$(inherited)",
					"$(PROJECT_DIR)",
				);
				INFOPLIST_FILE = PjsipDemo/Info.plist;
				INFOPLIST_KEY_CFBundleDisplayName = DCS;
				INFOPLIST_KEY_NSCameraUsageDescription = "We are use camera permission for video call.";
				INFOPLIST_KEY_NSMicrophoneUsageDescription = "We are use microphone permission for video call";
				INFOPLIST_KEY_UIApplicationSupportsIndirectInputEvents = YES;
				INFOPLIST_KEY_UILaunchStoryboardName = LaunchScreen;
				INFOPLIST_KEY_UIMainStoryboardFile = Main;
				INFOPLIST_KEY_UIRequiredDeviceCapabilities = "video-camera wifi microphone armv7";
				INFOPLIST_KEY_UIRequiresFullScreen = YES;
				INFOPLIST_KEY_UISupportedInterfaceOrientations = "UIInterfaceOrientationPortrait UIInterfaceOrientationLandscapeLeft UIInterfaceOrientationLandscapeRight";
				INFOPLIST_KEY_UISupportedInterfaceOrientations_iPad = "UIInterfaceOrientationPortrait UIInterfaceOrientationLandscapeLeft UIInterfaceOrientationLandscapeRight UIInterfaceOrientationPortraitUpsideDown";
				INFOPLIST_KEY_UISupportedInterfaceOrientations_iPhone = "UIInterfaceOrientationPortrait UIInterfaceOrientationLandscapeLeft UIInterfaceOrientationLandscapeRight";
				LD_RUNPATH_SEARCH_PATHS = (
					"$(inherited)",
					"@executable_path/Frameworks",
				);
				LIBRARY_SEARCH_PATHS = (
					"$(inherited)",
					"$(SRCROOT)",
					"$(PROJECT_DIR)",
					"$(PROJECT_DIR)/pjproject-master3/pjlib/lib",
					"$(PROJECT_DIR)/pjproject-master3/pjlib-util/lib",
					"$(PROJECT_DIR)/pjproject-master3/pjmedia/lib",
					"$(PROJECT_DIR)/pjproject-master3/pjnath/lib",
					"$(PROJECT_DIR)/pjproject-master3/third_party/lib",
					"$(PROJECT_DIR)/pjproject-master3/pjsip/lib",
				);
				MARKETING_VERSION = 1.0;
				ONLY_ACTIVE_ARCH = YES;
				OTHER_LDFLAGS = (
					"-Objc",
					"-lstdc++",
					"$(inherited)",
					"-lc++",
				);
				PRODUCT_BUNDLE_IDENTIFIER = com.cme.webrtc.PjsipDemo;
				PRODUCT_NAME = "$(TARGET_NAME)";
				PROVISIONING_PROFILE_SPECIFIER = "CME WildCard";
				SWIFT_EMIT_LOC_STRINGS = YES;
				SWIFT_OBJC_BRIDGING_HEADER = "PjsipDemo/PjsipDemo-Bridging-Header.h";
				SWIFT_VERSION = 5.0;
				TARGETED_DEVICE_FAMILY = "1,2";
				VALID_ARCHS = "arm64 arm7 arm7s";
			};
			name = Release;
		};
/* End XCBuildConfiguration section */

/* Begin XCConfigurationList section */
		18D15CB92A14974100561064 /* Build configuration list for PBXProject "PjsipDemo" */ = {
			isa = XCConfigurationList;
			buildConfigurations = (
				18D15CD02A14974300561064 /* Debug */,
				18D15CD12A14974300561064 /* Release */,
			);
			defaultConfigurationIsVisible = 0;
			defaultConfigurationName = Release;
		};
		18D15CD22A14974300561064 /* Build configuration list for PBXNativeTarget "PjsipDemo" */ = {
			isa = XCConfigurationList;
			buildConfigurations = (
				18D15CD32A14974300561064 /* Debug */,
				18D15CD42A14974300561064 /* Release */,
			);
			defaultConfigurationIsVisible = 0;
			defaultConfigurationName = Release;
		};
/* End XCConfigurationList section */
	};
	rootObject = 18D15CB62A14974100561064 /* Project object */;
}
